// !$*UTF8*$!
{
	archiveVersion = 1;
	classes = {
	};
	objectVersion = 46;
	objects = {

/* Begin PBXBuildFile section */
		DE83726B1EA31BE800D8FADE /* AppDelegate.swift in Sources */ = {isa = PBXBuildFile; fileRef = DE83726A1EA31BE800D8FADE /* AppDelegate.swift */; };
		DE83726D1EA31BE800D8FADE /* ViewController.swift in Sources */ = {isa = PBXBuildFile; fileRef = DE83726C1EA31BE800D8FADE /* ViewController.swift */; };
		DE8372701EA31BE800D8FADE /* Main.storyboard in Resources */ = {isa = PBXBuildFile; fileRef = DE83726E1EA31BE800D8FADE /* Main.storyboard */; };
		DE8372721EA31BE900D8FADE /* Assets.xcassets in Resources */ = {isa = PBXBuildFile; fileRef = DE8372711EA31BE900D8FADE /* Assets.xcassets */; };
		DE8372751EA31BE900D8FADE /* LaunchScreen.storyboard in Resources */ = {isa = PBXBuildFile; fileRef = DE8372731EA31BE900D8FADE /* LaunchScreen.storyboard */; };
		DE83727E1EA31C0A00D8FADE /* CoreLocation.framework in Frameworks */ = {isa = PBXBuildFile; fileRef = DE83727D1EA31C0A00D8FADE /* CoreLocation.framework */; };
/* End PBXBuildFile section */

/* Begin PBXFileReference section */
		DE8372671EA31BE800D8FADE /* locationAware.app */ = {isa = PBXFileReference; explicitFileType = wrapper.application; includeInIndex = 0; path = locationAware.app; sourceTree = BUILT_PRODUCTS_DIR; };
		DE83726A1EA31BE800D8FADE /* AppDelegate.swift */ = {isa = PBXFileReference; lastKnownFileType = sourcecode.swift; path = AppDelegate.swift; sourceTree = "<group>"; };
		DE83726C1EA31BE800D8FADE /* ViewController.swift */ = {isa = PBXFileReference; lastKnownFileType = sourcecode.swift; path = ViewController.swift; sourceTree = "<group>"; };
		DE83726F1EA31BE800D8FADE /* Base */ = {isa = PBXFileReference; lastKnownFileType = file.storyboard; name = Base; path = Base.lproj/Main.storyboard; sourceTree = "<group>"; };
		DE8372711EA31BE900D8FADE /* Assets.xcassets */ = {isa = PBXFileReference; lastKnownFileType = folder.assetcatalog; path = Assets.xcassets; sourceTree = "<group>"; };
		DE8372741EA31BE900D8FADE /* Base */ = {isa = PBXFileReference; lastKnownFileType = file.storyboard; name = Base; path = Base.lproj/LaunchScreen.storyboard; sourceTree = "<group>"; };
		DE8372761EA31BE900D8FADE /* Info.plist */ = {isa = PBXFileReference; lastKnownFileType = text.plist.xml; path = Info.plist; sourceTree = "<group>"; };
		DE83727D1EA31C0A00D8FADE /* CoreLocation.framework */ = {isa = PBXFileReference; lastKnownFileType = wrapper.framework; name = CoreLocation.framework; path = System/Library/Frameworks/CoreLocation.framework; sourceTree = SDKROOT; };
/* End PBXFileReference section */

/* Begin PBXFrameworksBuildPhase section */
		DE8372641EA31BE800D8FADE /* Frameworks */ = {
			isa = PBXFrameworksBuildPhase;
			buildActionMask = 2147483647;
			files = (
				DE83727E1EA31C0A00D8FADE /* CoreLocation.framework in Frameworks */,
			);
			runOnlyForDeploymentPostprocessing = 0;
		};
/* End PBXFrameworksBuildPhase section */

/* Begin PBXGroup section */
		DE83725E1EA31BE800D8FADE = {
			isa = PBXGroup;
			children = (
				DE8372691EA31BE800D8FADE /* locationAware */,
				DE8372681EA31BE800D8FADE /* Products */,
				DE83727C1EA31C0A00D8FADE /* Frameworks */,
			);
			sourceTree = "<group>";
		};
		DE8372681EA31BE800D8FADE /* Products */ = {
			isa = PBXGroup;
			children = (
				DE8372671EA31BE800D8FADE /* locationAware.app */,
			);
			name = Products;
			sourceTree = "<group>";
		};
		DE8372691EA31BE800D8FADE /* locationAware */ = {
			isa = PBXGroup;
			children = (
				DE83726A1EA31BE800D8FADE /* AppDelegate.swift */,
				DE83726C1EA31BE800D8FADE /* ViewController.swift */,
				DE83726E1EA31BE800D8FADE /* Main.storyboard */,
				DE8372711EA31BE900D8FADE /* Assets.xcassets */,
				DE8372731EA31BE900D8FADE /* LaunchScreen.storyboard */,
				DE8372761EA31BE900D8FADE /* Info.plist */,
			);
			path = locationAware;
			sourceTree = "<group>";
		};
		DE83727C1EA31C0A00D8FADE /* Frameworks */ = {
			isa = PBXGroup;
			children = (
				DE83727D1EA31C0A00D8FADE /* CoreLocation.framework */,
			);
			name = Frameworks;
			sourceTree = "<group>";
		};
/* End PBXGroup section */

/* Begin PBXNativeTarget section */
		DE8372661EA31BE800D8FADE /* locationAware */ = {
			isa = PBXNativeTarget;
			buildConfigurationList = DE8372791EA31BE900D8FADE /* Build configuration list for PBXNativeTarget "locationAware" */;
			buildPhases = (
				DE8372631EA31BE800D8FADE /* Sources */,
				DE8372641EA31BE800D8FADE /* Frameworks */,
				DE8372651EA31BE800D8FADE /* Resources */,
			);
			buildRules = (
			);
			dependencies = (
			);
			name = locationAware;
			productName = locationAware;
			productReference = DE8372671EA31BE800D8FADE /* locationAware.app */;
			productType = "com.apple.product-type.application";
		};
/* End PBXNativeTarget section */

/* Begin PBXProject section */
		DE83725F1EA31BE800D8FADE /* Project object */ = {
			isa = PBXProject;
			attributes = {
				LastSwiftUpdateCheck = 0830;
				LastUpgradeCheck = 0830;
				ORGANIZATIONNAME = "Dumb Unicorn";
				TargetAttributes = {
					DE8372661EA31BE800D8FADE = {
						CreatedOnToolsVersion = 8.3.1;
						DevelopmentTeam = 42ESUZ8BZJ;
						ProvisioningStyle = Automatic;
					};
				};
			};
			buildConfigurationList = DE8372621EA31BE800D8FADE /* Build configuration list for PBXProject "locationAware" */;
			compatibilityVersion = "Xcode 3.2";
			developmentRegion = English;
			hasScannedForEncodings = 0;
			knownRegions = (
				en,
				Base,
			);
			mainGroup = DE83725E1EA31BE800D8FADE;
			productRefGroup = DE8372681EA31BE800D8FADE /* Products */;
			projectDirPath = "";
			projectRoot = "";
			targets = (
				DE8372661EA31BE800D8FADE /* locationAware */,
			);
		};
/* End PBXProject section */

/* Begin PBXResourcesBuildPhase section */
		DE8372651EA31BE800D8FADE /* Resources */ = {
			isa = PBXResourcesBuildPhase;
			buildActionMask = 2147483647;
			files = (
				DE8372751EA31BE900D8FADE /* LaunchScreen.storyboard in Resources */,
				DE8372721EA31BE900D8FADE /* Assets.xcassets in Resources */,
				DE8372701EA31BE800D8FADE /* Main.storyboard in Resources */,
			);
			runOnlyForDeploymentPostprocessing = 0;
		};
/* End PBXResourcesBuildPhase section */

/* Begin PBXSourcesBuildPhase section */
		DE8372631EA31BE800D8FADE /* Sources */ = {
			isa = PBXSourcesBuildPhase;
			buildActionMask = 2147483647;
			files = (
				DE83726D1EA31BE800D8FADE /* ViewController.swift in Sources */,
				DE83726B1EA31BE800D8FADE /* AppDelegate.swift in Sources */,
			);
			runOnlyForDeploymentPostprocessing = 0;
		};
/* End PBXSourcesBuildPhase section */

/* Begin PBXVariantGroup section */
		DE83726E1EA31BE800D8FADE /* Main.storyboard */ = {
			isa = PBXVariantGroup;
			children = (
				DE83726F1EA31BE800D8FADE /* Base */,
			);
			name = Main.storyboard;
			sourceTree = "<group>";
		};
		DE8372731EA31BE900D8FADE /* LaunchScreen.storyboard */ = {
			isa = PBXVariantGroup;
			children = (
				DE8372741EA31BE900D8FADE /* Base */,
			);
			name = LaunchScreen.storyboard;
			sourceTree = "<group>";
		};
/* End PBXVariantGroup section */

/* Begin XCBuildConfiguration section */
		DE8372771EA31BE900D8FADE /* Debug */ = {
			isa = XCBuildConfiguration;
			buildSettings = {
				ALWAYS_SEARCH_USER_PATHS = NO;
				CLANG_ANALYZER_NONNULL = YES;
				CLANG_ANALYZER_NUMBER_OBJECT_CONVERSION = YES_AGGRESSIVE;
				CLANG_CXX_LANGUAGE_STANDARD = "gnu++0x";
				CLANG_CXX_LIBRARY = "libc++";
				CLANG_ENABLE_MODULES = YES;
				CLANG_ENABLE_OBJC_ARC = YES;
				CLANG_WARN_BOOL_CONVERSION = YES;
				CLANG_WARN_CONSTANT_CONVERSION = YES;
				CLANG_WARN_DIRECT_OBJC_ISA_USAGE = YES_ERROR;
				CLANG_WARN_DOCUMENTATION_COMMENTS = YES;
				CLANG_WARN_EMPTY_BODY = YES;
				CLANG_WARN_ENUM_CONVERSION = YES;
				CLANG_WARN_INFINITE_RECURSION = YES;
				CLANG_WARN_INT_CONVERSION = YES;
				CLANG_WARN_OBJC_ROOT_CLASS = YES_ERROR;
				CLANG_WARN_SUSPICIOUS_MOVE = YES;
				CLANG_WARN_UNREACHABLE_CODE = YES;
				CLANG_WARN__DUPLICATE_METHOD_MATCH = YES;
				"CODE_SIGN_IDENTITY[sdk=iphoneos*]" = "iPhone Developer";
				COPY_PHASE_STRIP = NO;
				DEBUG_INFORMATION_FORMAT = dwarf;
				ENABLE_STRICT_OBJC_MSGSEND = YES;
				ENABLE_TESTABILITY = YES;
				GCC_C_LANGUAGE_STANDARD = gnu99;
				GCC_DYNAMIC_NO_PIC = NO;
				GCC_NO_COMMON_BLOCKS = YES;
				GCC_OPTIMIZATION_LEVEL = 0;
				GCC_PREPROCESSOR_DEFINITIONS = (
					"DEBUG=1",
					"$(inherited)",
				);
				GCC_WARN_64_TO_32_BIT_CONVERSION = YES;
				GCC_WARN_ABOUT_RETURN_TYPE = YES_ERROR;
				GCC_WARN_UNDECLARED_SELECTOR = YES;
				GCC_WARN_UNINITIALIZED_AUTOS = YES_AGGRESSIVE;
				GCC_WARN_UNUSED_FUNCTION = YES;
				GCC_WARN_UNUSED_VARIABLE = YES;
				IPHONEOS_DEPLOYMENT_TARGET = 10.3;
				MTL_ENABLE_DEBUG_INFO = YES;
				ONLY_ACTIVE_ARCH = YES;
				SDKROOT = iphoneos;
				SWIFT_ACTIVE_COMPILATION_CONDITIONS = DEBUG;
				SWIFT_OPTIMIZATION_LEVEL = "-Onone";
			};
			name = Debug;
		};
		DE8372781EA31BE900D8FADE /* Release */ = {
			isa = XCBuildConfiguration;
			buildSettings = {
				ALWAYS_SEARCH_USER_PATHS = NO;
				CLANG_ANALYZER_NONNULL = YES;
				CLANG_ANALYZER_NUMBER_OBJECT_CONVERSION = YES_AGGRESSIVE;
				CLANG_CXX_LANGUAGE_STANDARD = "gnu++0x";
				CLANG_CXX_LIBRARY = "libc++";
				CLANG_ENABLE_MODULES = YES;
				CLANG_ENABLE_OBJC_ARC = YES;
				CLANG_WARN_BOOL_CONVERSION = YES;
				CLANG_WARN_CONSTANT_CONVERSION = YES;
				CLANG_WARN_DIRECT_OBJC_ISA_USAGE = YES_ERROR;
				CLANG_WARN_DOCUMENTATION_COMMENTS = YES;
				CLANG_WARN_EMPTY_BODY = YES;
				CLANG_WARN_ENUM_CONVERSION = YES;
				CLANG_WARN_INFINITE_RECURSION = YES;
				CLANG_WARN_INT_CONVERSION = YES;
				CLANG_WARN_OBJC_ROOT_CLASS = YES_ERROR;
				CLANG_WARN_SUSPICIOUS_MOVE = YES;
				CLANG_WARN_UNREACHABLE_CODE = YES;
				CLANG_WARN__DUPLICATE_METHOD_MATCH = YES;
				"CODE_SIGN_IDENTITY[sdk=iphoneos*]" = "iPhone Developer";
				COPY_PHASE_STRIP = NO;
				DEBUG_INFORMATION_FORMAT = "dwarf-with-dsym";
				ENABLE_NS_ASSERTIONS = NO;
				ENABLE_STRICT_OBJC_MSGSEND = YES;
				GCC_C_LANGUAGE_STANDARD = gnu99;
				GCC_NO_COMMON_BLOCKS = YES;
				GCC_WARN_64_TO_32_BIT_CONVERSION = YES;
				GCC_WARN_ABOUT_RETURN_TYPE = YES_ERROR;
				GCC_WARN_UNDECLARED_SELECTOR = YES;
				GCC_WARN_UNINITIALIZED_AUTOS = YES_AGGRESSIVE;
				GCC_WARN_UNUSED_FUNCTION = YES;
				GCC_WARN_UNUSED_VARIABLE = YES;
				IPHONEOS_DEPLOYMENT_TARGET = 10.3;
				MTL_ENABLE_DEBUG_INFO = NO;
				SDKROOT = iphoneos;
				SWIFT_OPTIMIZATION_LEVEL = "-Owholemodule";
				VALIDATE_PRODUCT = YES;
			};
			name = Release;
		};
		DE83727A1EA31BE900D8FADE /* Debug */ = {
			isa = XCBuildConfiguration;
			buildSettings = {
				ASSETCATALOG_COMPILER_APPICON_NAME = AppIcon;
				DEVELOPMENT_TEAM = 42ESUZ8BZJ;
				INFOPLIST_FILE = locationAware/Info.plist;
				LD_RUNPATH_SEARCH_PATHS = "$(inherited) @executable_path/Frameworks";
				PRODUCT_BUNDLE_IDENTIFIER = com.DumbUnicorn.locationAware;
				PRODUCT_NAME = "$(TARGET_NAME)";
				SWIFT_VERSION = 3.0;
			};
			name = Debug;
		};
		DE83727B1EA31BE900D8FADE /* Release */ = {
			isa = XCBuildConfiguration;
			buildSettings = {
				ASSETCATALOG_COMPILER_APPICON_NAME = AppIcon;
				DEVELOPMENT_TEAM = 42ESUZ8BZJ;
				INFOPLIST_FILE = locationAware/Info.plist;
				LD_RUNPATH_SEARCH_PATHS = "$(inherited) @executable_path/Frameworks";
				PRODUCT_BUNDLE_IDENTIFIER = com.DumbUnicorn.locationAware;
				PRODUCT_NAME = "$(TARGET_NAME)";
				SWIFT_VERSION = 3.0;
			};
			name = Release;
		};
/* End XCBuildConfiguration section */

/* Begin XCConfigurationList section */
		DE8372621EA31BE800D8FADE /* Build configuration list for PBXProject "locationAware" */ = {
			isa = XCConfigurationList;
			buildConfigurations = (
				DE8372771EA31BE900D8FADE /* Debug */,
				DE8372781EA31BE900D8FADE /* Release */,
			);
			defaultConfigurationIsVisible = 0;
			defaultConfigurationName = Release;
		};
		DE8372791EA31BE900D8FADE /* Build configuration list for PBXNativeTarget "locationAware" */ = {
			isa = XCConfigurationList;
			buildConfigurations = (
				DE83727A1EA31BE900D8FADE /* Debug */,
				DE83727B1EA31BE900D8FADE /* Release */,
			);
			defaultConfigurationIsVisible = 0;
		};
/* End XCConfigurationList section */
	};
	rootObject = DE83725F1EA31BE800D8FADE /* Project object */;
}
